
Microsoft Visual Studio Solution File, Format Version 12.00
# Visual Studio Version 17
VisualStudioVersion = 17.0.32112.339
MinimumVisualStudioVersion = 10.0.40219.1
Project("{9A19103F-16F7-4668-BE54-9A1E7A4F7556}") = "saledev.Authentication.JwtBearer", "saledev.Authentication.JwtBearer\saledev.Authentication.JwtBearer.csproj", "{282CF1CA-877F-4567-9357-3FE29D76D09E}"
EndProject
Project("{9A19103F-16F7-4668-BE54-9A1E7A4F7556}") = "saledev.Authentication", "saledev.Authentication\saledev.Authentication.csproj", "{7FDFE687-F817-49AA-88CA-43AEBCE3F12E}"
EndProject
Project("{9A19103F-16F7-4668-BE54-9A1E7A4F7556}") = "saledev.Authentication.UnitTests", "saledev.Authentication.UnitTests\saledev.Authentication.UnitTests.csproj", "{8F18F2B5-B282-4BBF-856F-5E4762469AA1}"
EndProject
Project("{2150E333-8FDC-42A3-9474-1A3956D46DE8}") = "Solution Items", "Solution Items", "{48B06A1D-1BDF-4F71-A84C-41986B5BA3F1}"
	ProjectSection(SolutionItems) = preProject
		README.md = README.md
	EndProjectSection
EndProject
Global
	GlobalSection(SolutionConfigurationPlatforms) = preSolution
		Debug|Any CPU = Debug|Any CPU
		Release|Any CPU = Release|Any CPU
	EndGlobalSection
	GlobalSection(ProjectConfigurationPlatforms) = postSolution
		{282CF1CA-877F-4567-9357-3FE29D76D09E}.Debug|Any CPU.ActiveCfg = Debug|Any CPU
		{282CF1CA-877F-4567-9357-3FE29D76D09E}.Debug|Any CPU.Build.0 = Debug|Any CPU
		{282CF1CA-877F-4567-9357-3FE29D76D09E}.Release|Any CPU.ActiveCfg = Release|Any CPU
		{282CF1CA-877F-4567-9357-3FE29D76D09E}.Release|Any CPU.Build.0 = Release|Any CPU
		{7FDFE687-F817-49AA-88CA-43AEBCE3F12E}.Debug|Any CPU.ActiveCfg = Debug|Any CPU
		{7FDFE687-F817-49AA-88CA-43AEBCE3F12E}.Debug|Any CPU.Build.0 = Debug|Any CPU
		{7FDFE687-F817-49AA-88CA-43AEBCE3F12E}.Release|Any CPU.ActiveCfg = Release|Any CPU
		{7FDFE687-F817-49AA-88CA-43AEBCE3F12E}.Release|Any CPU.Build.0 = Release|Any CPU
		{8F18F2B5-B282-4BBF-856F-5E4762469AA1}.Debug|Any CPU.ActiveCfg = Debug|Any CPU
		{8F18F2B5-B282-4BBF-856F-5E4762469AA1}.Debug|Any CPU.Build.0 = Debug|Any CPU
		{8F18F2B5-B282-4BBF-856F-5E4762469AA1}.Release|Any CPU.ActiveCfg = Release|Any CPU
		{8F18F2B5-B282-4BBF-856F-5E4762469AA1}.Release|Any CPU.Build.0 = Release|Any CPU
	EndGlobalSection
	GlobalSection(SolutionProperties) = preSolution
		HideSolutionNode = FALSE
	EndGlobalSection
	GlobalSection(ExtensibilityGlobals) = postSolution
		SolutionGuid = {80D79C18-2197-470D-8288-5CACE99277C6}
	EndGlobalSection
EndGlobal
